
Microsoft Visual Studio Solution File, Format Version 12.00
# Visual Studio Version 16
VisualStudioVersion = 16.0.32413.511
MinimumVisualStudioVersion = 10.0.40219.1
Project("{FAE04EC0-301F-11D3-BF4B-00C04F79EFBC}") = "GEN_CODE_BASE", "GEN_CODE_BASE.csproj", "{A5A4082C-FDCF-47FD-A043-F36678ECE805}"
EndProject
Global
	GlobalSection(SolutionConfigurationPlatforms) = preSolution
		Debug|Any CPU = Debug|Any CPU
		Release|Any CPU = Release|Any CPU
	EndGlobalSection
	GlobalSection(ProjectConfigurationPlatforms) = postSolution
		{A5A4082C-FDCF-47FD-A043-F36678ECE805}.Debug|Any CPU.ActiveCfg = Debug|Any CPU
		{A5A4082C-FDCF-47FD-A043-F36678ECE805}.Debug|Any CPU.Build.0 = Debug|Any CPU
		{A5A4082C-FDCF-47FD-A043-F36678ECE805}.Release|Any CPU.ActiveCfg = Release|Any CPU
		{A5A4082C-FDCF-47FD-A043-F36678ECE805}.Release|Any CPU.Build.0 = Release|Any CPU
	EndGlobalSection
	GlobalSection(SolutionProperties) = preSolution
		HideSolutionNode = FALSE
	EndGlobalSection
	GlobalSection(ExtensibilityGlobals) = postSolution
		SolutionGuid = {B5211E39-9E3E-4C35-B8B2-39B7A3BD0003}
	EndGlobalSection
EndGlobal
